{
  "originHash" : "3575e1e3526e16bfe5b3d1ea4bd6cf3b9d262d9b6bc202750bd175a543d42126",
  "pins" : [
    {
      "identity" : "metalui",
      "kind" : "remoteSourceControl",
      "location" : "https://github.com/mburger89/MetalUI",
      "state" : {
        "revision" : "5d6893a700cd68eecd817d8eaeb3d53b96ab801b"
      }
    }
  ],
  "version" : 3
}
