{
  "originHash" : "da2592ea0942c0ca2c02f55298b32f23cc5c97404104e9a02a51e0705d39f418",
  "pins" : [
    {
      "identity" : "metalui",
      "kind" : "remoteSourceControl",
      "location" : "https://github.com/mburger89/MetalUI",
      "state" : {
        "revision" : "e54c3f65086b446d42b09bf6f2fdbf802f7ed52a"
      }
    }
  ],
  "version" : 3
}
