{
  "originHash" : "701e44a98114ec3263826aad70012beb1386f8a5ea8c547e6d08873aa2784645",
  "pins" : [
    {
      "identity" : "metalui",
      "kind" : "remoteSourceControl",
      "location" : "https://github.com/mburger89/MetalUI",
      "state" : {
        "revision" : "70ed000c69f57c2cd04f175ba4a795200210ef1c"
      }
    }
  ],
  "version" : 3
}
